// !$*UTF8*$!
{
	archiveVersion = 1;
	classes = {
	};
	objectVersion = 55;
	objects = {

/* Begin PBXBuildFile section */
		F84D41B027BE280400A31E8B /* AccountListItemDemo.swift in Sources */ = {isa = PBXBuildFile; fileRef = F84D41AF27BE280400A31E8B /* AccountListItemDemo.swift */; };
		F84D41B327BE2DF100A31E8B /* AccountSummaryListItem.swift in Sources */ = {isa = PBXBuildFile; fileRef = F84D41B227BE2DF100A31E8B /* AccountSummaryListItem.swift */; };
		F84D41B627BE391300A31E8B /* AccountSummary.swift in Sources */ = {isa = PBXBuildFile; fileRef = F84D41B527BE391300A31E8B /* AccountSummary.swift */; };
		F84D41B827BE396100A31E8B /* AccountType.swift in Sources */ = {isa = PBXBuildFile; fileRef = F84D41B727BE396100A31E8B /* AccountType.swift */; };
		F84D41BB27BE3A0B00A31E8B /* AccountSummaryViewModel.swift in Sources */ = {isa = PBXBuildFile; fileRef = F84D41BA27BE3A0B00A31E8B /* AccountSummaryViewModel.swift */; };
		F84D41BE27BE3C9B00A31E8B /* NumberExtensions.swift in Sources */ = {isa = PBXBuildFile; fileRef = F84D41BD27BE3C9B00A31E8B /* NumberExtensions.swift */; };
		F84D41C227BE409900A31E8B /* AccountIcon.swift in Sources */ = {isa = PBXBuildFile; fileRef = F84D41C127BE409900A31E8B /* AccountIcon.swift */; };
		F8D1C7FC279E6D5100385EF6 /* SwiftUIBankingApp.swift in Sources */ = {isa = PBXBuildFile; fileRef = F8D1C7FB279E6D5100385EF6 /* SwiftUIBankingApp.swift */; };
		F8D1C7FE279E6D5100385EF6 /* ContentView.swift in Sources */ = {isa = PBXBuildFile; fileRef = F8D1C7FD279E6D5100385EF6 /* ContentView.swift */; };
		F8D1C800279E6D5200385EF6 /* Assets.xcassets in Resources */ = {isa = PBXBuildFile; fileRef = F8D1C7FF279E6D5200385EF6 /* Assets.xcassets */; };
		F8D1C803279E6D5200385EF6 /* Preview Assets.xcassets in Resources */ = {isa = PBXBuildFile; fileRef = F8D1C802279E6D5200385EF6 /* Preview Assets.xcassets */; };
		F8D1C80D279E6D5200385EF6 /* SwiftUIBankingAppTests.swift in Sources */ = {isa = PBXBuildFile; fileRef = F8D1C80C279E6D5200385EF6 /* SwiftUIBankingAppTests.swift */; };
		F8D1C817279E6D5200385EF6 /* SwiftUIBankingAppUITests.swift in Sources */ = {isa = PBXBuildFile; fileRef = F8D1C816279E6D5200385EF6 /* SwiftUIBankingAppUITests.swift */; };
		F8D1C819279E6D5200385EF6 /* SwiftUIBankingAppUITestsLaunchTests.swift in Sources */ = {isa = PBXBuildFile; fileRef = F8D1C818279E6D5200385EF6 /* SwiftUIBankingAppUITestsLaunchTests.swift */; };
		F8F552A027BCCC8800FBC0E4 /* Colors.xcassets in Resources */ = {isa = PBXBuildFile; fileRef = F8F5529F27BCCC8800FBC0E4 /* Colors.xcassets */; };
		F8F552A227BD238500FBC0E4 /* ButtonStyles.swift in Sources */ = {isa = PBXBuildFile; fileRef = F8F552A127BD238500FBC0E4 /* ButtonStyles.swift */; };
		F8F552A527BD23C500FBC0E4 /* ColorExtensions.swift in Sources */ = {isa = PBXBuildFile; fileRef = F8F552A427BD23C500FBC0E4 /* ColorExtensions.swift */; };
		F8F552A827BD267700FBC0E4 /* SizeConstants.swift in Sources */ = {isa = PBXBuildFile; fileRef = F8F552A727BD267700FBC0E4 /* SizeConstants.swift */; };
		F8F552AA27BD27C800FBC0E4 /* ButtonDemos.swift in Sources */ = {isa = PBXBuildFile; fileRef = F8F552A927BD27C800FBC0E4 /* ButtonDemos.swift */; };
		F8F552AD27BD2A0800FBC0E4 /* BarlowSemiCondensed-Bold.ttf in Resources */ = {isa = PBXBuildFile; fileRef = F8F552AC27BD2A0800FBC0E4 /* BarlowSemiCondensed-Bold.ttf */; };
		F8F552AE27BD2A0800FBC0E4 /* BarlowSemiCondensed-Bold.ttf in Resources */ = {isa = PBXBuildFile; fileRef = F8F552AC27BD2A0800FBC0E4 /* BarlowSemiCondensed-Bold.ttf */; };
		F8F552AF27BD2A0800FBC0E4 /* BarlowSemiCondensed-Bold.ttf in Resources */ = {isa = PBXBuildFile; fileRef = F8F552AC27BD2A0800FBC0E4 /* BarlowSemiCondensed-Bold.ttf */; };
		F8F552B227BD2C7500FBC0E4 /* AssetConstants.swift in Sources */ = {isa = PBXBuildFile; fileRef = F8F552B127BD2C7500FBC0E4 /* AssetConstants.swift */; };
		F8F552B327BD2C7500FBC0E4 /* AssetConstants.swift in Sources */ = {isa = PBXBuildFile; fileRef = F8F552B127BD2C7500FBC0E4 /* AssetConstants.swift */; };
		F8F552B427BD2C7500FBC0E4 /* AssetConstants.swift in Sources */ = {isa = PBXBuildFile; fileRef = F8F552B127BD2C7500FBC0E4 /* AssetConstants.swift */; };
		F8F552B627BD2CEA00FBC0E4 /* FontExtensions.swift in Sources */ = {isa = PBXBuildFile; fileRef = F8F552B527BD2CEA00FBC0E4 /* FontExtensions.swift */; };
		F8F552B727BD2CEA00FBC0E4 /* FontExtensions.swift in Sources */ = {isa = PBXBuildFile; fileRef = F8F552B527BD2CEA00FBC0E4 /* FontExtensions.swift */; };
		F8F552B827BD2CEA00FBC0E4 /* FontExtensions.swift in Sources */ = {isa = PBXBuildFile; fileRef = F8F552B527BD2CEA00FBC0E4 /* FontExtensions.swift */; };
		F8F552BA27BD30F900FBC0E4 /* Barlow-Medium.ttf in Resources */ = {isa = PBXBuildFile; fileRef = F8F552B927BD30F900FBC0E4 /* Barlow-Medium.ttf */; };
		F8F552BC27BE217100FBC0E4 /* IconConstants.swift in Sources */ = {isa = PBXBuildFile; fileRef = F8F552BB27BE217100FBC0E4 /* IconConstants.swift */; };
/* End PBXBuildFile section */

/* Begin PBXContainerItemProxy section */
		F8D1C809279E6D5200385EF6 /* PBXContainerItemProxy */ = {
			isa = PBXContainerItemProxy;
			containerPortal = F8D1C7F0279E6D5000385EF6 /* Project object */;
			proxyType = 1;
			remoteGlobalIDString = F8D1C7F7279E6D5000385EF6;
			remoteInfo = SwiftUIBankingApp;
		};
		F8D1C813279E6D5200385EF6 /* PBXContainerItemProxy */ = {
			isa = PBXContainerItemProxy;
			containerPortal = F8D1C7F0279E6D5000385EF6 /* Project object */;
			proxyType = 1;
			remoteGlobalIDString = F8D1C7F7279E6D5000385EF6;
			remoteInfo = SwiftUIBankingApp;
		};
/* End PBXContainerItemProxy section */

/* Begin PBXFileReference section */
		F84D41AF27BE280400A31E8B /* AccountListItemDemo.swift */ = {isa = PBXFileReference; lastKnownFileType = sourcecode.swift; path = AccountListItemDemo.swift; sourceTree = "<group>"; };
		F84D41B227BE2DF100A31E8B /* AccountSummaryListItem.swift */ = {isa = PBXFileReference; lastKnownFileType = sourcecode.swift; path = AccountSummaryListItem.swift; sourceTree = "<group>"; };
		F84D41B527BE391300A31E8B /* AccountSummary.swift */ = {isa = PBXFileReference; lastKnownFileType = sourcecode.swift; path = AccountSummary.swift; sourceTree = "<group>"; };
		F84D41B727BE396100A31E8B /* AccountType.swift */ = {isa = PBXFileReference; lastKnownFileType = sourcecode.swift; path = AccountType.swift; sourceTree = "<group>"; };
		F84D41BA27BE3A0B00A31E8B /* AccountSummaryViewModel.swift */ = {isa = PBXFileReference; lastKnownFileType = sourcecode.swift; path = AccountSummaryViewModel.swift; sourceTree = "<group>"; };
		F84D41BD27BE3C9B00A31E8B /* NumberExtensions.swift */ = {isa = PBXFileReference; lastKnownFileType = sourcecode.swift; path = NumberExtensions.swift; sourceTree = "<group>"; };
		F84D41C127BE409900A31E8B /* AccountIcon.swift */ = {isa = PBXFileReference; lastKnownFileType = sourcecode.swift; path = AccountIcon.swift; sourceTree = "<group>"; };
		F8D1C7F8279E6D5100385EF6 /* SwiftUIBankingApp.app */ = {isa = PBXFileReference; explicitFileType = wrapper.application; includeInIndex = 0; path = SwiftUIBankingApp.app; sourceTree = BUILT_PRODUCTS_DIR; };
		F8D1C7FB279E6D5100385EF6 /* SwiftUIBankingApp.swift */ = {isa = PBXFileReference; lastKnownFileType = sourcecode.swift; path = SwiftUIBankingApp.swift; sourceTree = "<group>"; };
		F8D1C7FD279E6D5100385EF6 /* ContentView.swift */ = {isa = PBXFileReference; lastKnownFileType = sourcecode.swift; path = ContentView.swift; sourceTree = "<group>"; };
		F8D1C7FF279E6D5200385EF6 /* Assets.xcassets */ = {isa = PBXFileReference; lastKnownFileType = folder.assetcatalog; path = Assets.xcassets; sourceTree = "<group>"; };
		F8D1C802279E6D5200385EF6 /* Preview Assets.xcassets */ = {isa = PBXFileReference; lastKnownFileType = folder.assetcatalog; path = "Preview Assets.xcassets"; sourceTree = "<group>"; };
		F8D1C808279E6D5200385EF6 /* SwiftUIBankingAppTests.xctest */ = {isa = PBXFileReference; explicitFileType = wrapper.cfbundle; includeInIndex = 0; path = SwiftUIBankingAppTests.xctest; sourceTree = BUILT_PRODUCTS_DIR; };
		F8D1C80C279E6D5200385EF6 /* SwiftUIBankingAppTests.swift */ = {isa = PBXFileReference; lastKnownFileType = sourcecode.swift; path = SwiftUIBankingAppTests.swift; sourceTree = "<group>"; };
		F8D1C812279E6D5200385EF6 /* SwiftUIBankingAppUITests.xctest */ = {isa = PBXFileReference; explicitFileType = wrapper.cfbundle; includeInIndex = 0; path = SwiftUIBankingAppUITests.xctest; sourceTree = BUILT_PRODUCTS_DIR; };
		F8D1C816279E6D5200385EF6 /* SwiftUIBankingAppUITests.swift */ = {isa = PBXFileReference; lastKnownFileType = sourcecode.swift; path = SwiftUIBankingAppUITests.swift; sourceTree = "<group>"; };
		F8D1C818279E6D5200385EF6 /* SwiftUIBankingAppUITestsLaunchTests.swift */ = {isa = PBXFileReference; lastKnownFileType = sourcecode.swift; path = SwiftUIBankingAppUITestsLaunchTests.swift; sourceTree = "<group>"; };
		F8F5529F27BCCC8800FBC0E4 /* Colors.xcassets */ = {isa = PBXFileReference; lastKnownFileType = folder.assetcatalog; path = Colors.xcassets; sourceTree = "<group>"; };
		F8F552A127BD238500FBC0E4 /* ButtonStyles.swift */ = {isa = PBXFileReference; lastKnownFileType = sourcecode.swift; path = ButtonStyles.swift; sourceTree = "<group>"; };
		F8F552A427BD23C500FBC0E4 /* ColorExtensions.swift */ = {isa = PBXFileReference; lastKnownFileType = sourcecode.swift; path = ColorExtensions.swift; sourceTree = "<group>"; };
		F8F552A727BD267700FBC0E4 /* SizeConstants.swift */ = {isa = PBXFileReference; lastKnownFileType = sourcecode.swift; path = SizeConstants.swift; sourceTree = "<group>"; };
		F8F552A927BD27C800FBC0E4 /* ButtonDemos.swift */ = {isa = PBXFileReference; lastKnownFileType = sourcecode.swift; path = ButtonDemos.swift; sourceTree = "<group>"; };
		F8F552AC27BD2A0800FBC0E4 /* BarlowSemiCondensed-Bold.ttf */ = {isa = PBXFileReference; lastKnownFileType = file; path = "BarlowSemiCondensed-Bold.ttf"; sourceTree = "<group>"; };
		F8F552B027BD2C3F00FBC0E4 /* Info.plist */ = {isa = PBXFileReference; lastKnownFileType = text.plist; path = Info.plist; sourceTree = "<group>"; };
		F8F552B127BD2C7500FBC0E4 /* AssetConstants.swift */ = {isa = PBXFileReference; lastKnownFileType = sourcecode.swift; path = AssetConstants.swift; sourceTree = "<group>"; };
		F8F552B527BD2CEA00FBC0E4 /* FontExtensions.swift */ = {isa = PBXFileReference; lastKnownFileType = sourcecode.swift; path = FontExtensions.swift; sourceTree = "<group>"; };
		F8F552B927BD30F900FBC0E4 /* Barlow-Medium.ttf */ = {isa = PBXFileReference; lastKnownFileType = file; path = "Barlow-Medium.ttf"; sourceTree = "<group>"; };
		F8F552BB27BE217100FBC0E4 /* IconConstants.swift */ = {isa = PBXFileReference; lastKnownFileType = sourcecode.swift; path = IconConstants.swift; sourceTree = "<group>"; };
/* End PBXFileReference section */

/* Begin PBXFrameworksBuildPhase section */
		F8D1C7F5279E6D5000385EF6 /* Frameworks */ = {
			isa = PBXFrameworksBuildPhase;
			buildActionMask = 2147483647;
			files = (
			);
			runOnlyForDeploymentPostprocessing = 0;
		};
		F8D1C805279E6D5200385EF6 /* Frameworks */ = {
			isa = PBXFrameworksBuildPhase;
			buildActionMask = 2147483647;
			files = (
			);
			runOnlyForDeploymentPostprocessing = 0;
		};
		F8D1C80F279E6D5200385EF6 /* Frameworks */ = {
			isa = PBXFrameworksBuildPhase;
			buildActionMask = 2147483647;
			files = (
			);
			runOnlyForDeploymentPostprocessing = 0;
		};
/* End PBXFrameworksBuildPhase section */

/* Begin PBXGroup section */
		F84D41B427BE38FD00A31E8B /* Models */ = {
			isa = PBXGroup;
			children = (
				F84D41B527BE391300A31E8B /* AccountSummary.swift */,
				F84D41B727BE396100A31E8B /* AccountType.swift */,
			);
			path = Models;
			sourceTree = "<group>";
		};
		F84D41B927BE39F400A31E8B /* View Models */ = {
			isa = PBXGroup;
			children = (
				F84D41BA27BE3A0B00A31E8B /* AccountSummaryViewModel.swift */,
			);
			path = "View Models";
			sourceTree = "<group>";
		};
		F84D41BC27BE3C8C00A31E8B /* Extensions */ = {
			isa = PBXGroup;
			children = (
				F84D41BD27BE3C9B00A31E8B /* NumberExtensions.swift */,
			);
			path = Extensions;
			sourceTree = "<group>";
		};
		F84D41BF27BE404B00A31E8B /* Components */ = {
			isa = PBXGroup;
			children = (
				F84D41B227BE2DF100A31E8B /* AccountSummaryListItem.swift */,
				F84D41C127BE409900A31E8B /* AccountIcon.swift */,
			);
			path = Components;
			sourceTree = "<group>";
		};
		F84D41C027BE405C00A31E8B /* Constants */ = {
			isa = PBXGroup;
			children = (
				F8F552A427BD23C500FBC0E4 /* ColorExtensions.swift */,
				F8F552A727BD267700FBC0E4 /* SizeConstants.swift */,
				F8F552BB27BE217100FBC0E4 /* IconConstants.swift */,
				F8F552B127BD2C7500FBC0E4 /* AssetConstants.swift */,
				F8F552B527BD2CEA00FBC0E4 /* FontExtensions.swift */,
			);
			path = Constants;
			sourceTree = "<group>";
		};
		F8D1C7EF279E6D5000385EF6 = {
			isa = PBXGroup;
			children = (
				F8D1C7FA279E6D5100385EF6 /* SwiftUIBankingApp */,
				F8D1C80B279E6D5200385EF6 /* SwiftUIBankingAppTests */,
				F8D1C815279E6D5200385EF6 /* SwiftUIBankingAppUITests */,
				F8D1C7F9279E6D5100385EF6 /* Products */,
			);
			sourceTree = "<group>";
		};
		F8D1C7F9279E6D5100385EF6 /* Products */ = {
			isa = PBXGroup;
			children = (
				F8D1C7F8279E6D5100385EF6 /* SwiftUIBankingApp.app */,
				F8D1C808279E6D5200385EF6 /* SwiftUIBankingAppTests.xctest */,
				F8D1C812279E6D5200385EF6 /* SwiftUIBankingAppUITests.xctest */,
			);
			name = Products;
			sourceTree = "<group>";
		};
		F8D1C7FA279E6D5100385EF6 /* SwiftUIBankingApp */ = {
			isa = PBXGroup;
			children = (
				F84D41BC27BE3C8C00A31E8B /* Extensions */,
				F84D41B927BE39F400A31E8B /* View Models */,
				F84D41B427BE38FD00A31E8B /* Models */,
				F8F552B027BD2C3F00FBC0E4 /* Info.plist */,
				F8F552AB27BD29ED00FBC0E4 /* Resources */,
				F8F5529E27BCCC3D00FBC0E4 /* UI */,
				F8D1C7FB279E6D5100385EF6 /* SwiftUIBankingApp.swift */,
				F8D1C7FD279E6D5100385EF6 /* ContentView.swift */,
				F8D1C801279E6D5200385EF6 /* Preview Content */,
			);
			path = SwiftUIBankingApp;
			sourceTree = "<group>";
		};
		F8D1C801279E6D5200385EF6 /* Preview Content */ = {
			isa = PBXGroup;
			children = (
				F8D1C802279E6D5200385EF6 /* Preview Assets.xcassets */,
			);
			path = "Preview Content";
			sourceTree = "<group>";
		};
		F8D1C80B279E6D5200385EF6 /* SwiftUIBankingAppTests */ = {
			isa = PBXGroup;
			children = (
				F8D1C80C279E6D5200385EF6 /* SwiftUIBankingAppTests.swift */,
			);
			path = SwiftUIBankingAppTests;
			sourceTree = "<group>";
		};
		F8D1C815279E6D5200385EF6 /* SwiftUIBankingAppUITests */ = {
			isa = PBXGroup;
			children = (
				F8D1C816279E6D5200385EF6 /* SwiftUIBankingAppUITests.swift */,
				F8D1C818279E6D5200385EF6 /* SwiftUIBankingAppUITestsLaunchTests.swift */,
			);
			path = SwiftUIBankingAppUITests;
			sourceTree = "<group>";
		};
		F8F5529E27BCCC3D00FBC0E4 /* UI */ = {
			isa = PBXGroup;
			children = (
				F84D41C027BE405C00A31E8B /* Constants */,
				F84D41BF27BE404B00A31E8B /* Components */,
				F8D1C7FF279E6D5200385EF6 /* Assets.xcassets */,
				F8F552A627BD25B000FBC0E4 /* ComponentDemos */,
				F8F552A327BD239900FBC0E4 /* Styles */,
				F8F5529F27BCCC8800FBC0E4 /* Colors.xcassets */,
			);
			path = UI;
			sourceTree = "<group>";
		};
		F8F552A327BD239900FBC0E4 /* Styles */ = {
			isa = PBXGroup;
			children = (
				F8F552A127BD238500FBC0E4 /* ButtonStyles.swift */,
			);
			path = Styles;
			sourceTree = "<group>";
		};
		F8F552A627BD25B000FBC0E4 /* ComponentDemos */ = {
			isa = PBXGroup;
			children = (
				F8F552A927BD27C800FBC0E4 /* ButtonDemos.swift */,
				F84D41AF27BE280400A31E8B /* AccountListItemDemo.swift */,
			);
			path = ComponentDemos;
			sourceTree = "<group>";
		};
		F8F552AB27BD29ED00FBC0E4 /* Resources */ = {
			isa = PBXGroup;
			children = (
				F8F552B927BD30F900FBC0E4 /* Barlow-Medium.ttf */,
				F8F552AC27BD2A0800FBC0E4 /* BarlowSemiCondensed-Bold.ttf */,
			);
			path = Resources;
			sourceTree = "<group>";
		};
/* End PBXGroup section */

/* Begin PBXNativeTarget section */
		F8D1C7F7279E6D5000385EF6 /* SwiftUIBankingApp */ = {
			isa = PBXNativeTarget;
			buildConfigurationList = F8D1C81C279E6D5200385EF6 /* Build configuration list for PBXNativeTarget "SwiftUIBankingApp" */;
			buildPhases = (
				F8D1C7F4279E6D5000385EF6 /* Sources */,
				F8D1C7F5279E6D5000385EF6 /* Frameworks */,
				F8D1C7F6279E6D5000385EF6 /* Resources */,
			);
			buildRules = (
			);
			dependencies = (
			);
			name = SwiftUIBankingApp;
			productName = SwiftUIBankingApp;
			productReference = F8D1C7F8279E6D5100385EF6 /* SwiftUIBankingApp.app */;
			productType = "com.apple.product-type.application";
		};
		F8D1C807279E6D5200385EF6 /* SwiftUIBankingAppTests */ = {
			isa = PBXNativeTarget;
			buildConfigurationList = F8D1C81F279E6D5200385EF6 /* Build configuration list for PBXNativeTarget "SwiftUIBankingAppTests" */;
			buildPhases = (
				F8D1C804279E6D5200385EF6 /* Sources */,
				F8D1C805279E6D5200385EF6 /* Frameworks */,
				F8D1C806279E6D5200385EF6 /* Resources */,
			);
			buildRules = (
			);
			dependencies = (
				F8D1C80A279E6D5200385EF6 /* PBXTargetDependency */,
			);
			name = SwiftUIBankingAppTests;
			productName = SwiftUIBankingAppTests;
			productReference = F8D1C808279E6D5200385EF6 /* SwiftUIBankingAppTests.xctest */;
			productType = "com.apple.product-type.bundle.unit-test";
		};
		F8D1C811279E6D5200385EF6 /* SwiftUIBankingAppUITests */ = {
			isa = PBXNativeTarget;
			buildConfigurationList = F8D1C822279E6D5200385EF6 /* Build configuration list for PBXNativeTarget "SwiftUIBankingAppUITests" */;
			buildPhases = (
				F8D1C80E279E6D5200385EF6 /* Sources */,
				F8D1C80F279E6D5200385EF6 /* Frameworks */,
				F8D1C810279E6D5200385EF6 /* Resources */,
			);
			buildRules = (
			);
			dependencies = (
				F8D1C814279E6D5200385EF6 /* PBXTargetDependency */,
			);
			name = SwiftUIBankingAppUITests;
			productName = SwiftUIBankingAppUITests;
			productReference = F8D1C812279E6D5200385EF6 /* SwiftUIBankingAppUITests.xctest */;
			productType = "com.apple.product-type.bundle.ui-testing";
		};
/* End PBXNativeTarget section */

/* Begin PBXProject section */
		F8D1C7F0279E6D5000385EF6 /* Project object */ = {
			isa = PBXProject;
			attributes = {
				BuildIndependentTargetsInParallel = 1;
				LastSwiftUpdateCheck = 1310;
				LastUpgradeCheck = 1310;
				TargetAttributes = {
					F8D1C7F7279E6D5000385EF6 = {
						CreatedOnToolsVersion = 13.1;
					};
					F8D1C807279E6D5200385EF6 = {
						CreatedOnToolsVersion = 13.1;
						TestTargetID = F8D1C7F7279E6D5000385EF6;
					};
					F8D1C811279E6D5200385EF6 = {
						CreatedOnToolsVersion = 13.1;
						TestTargetID = F8D1C7F7279E6D5000385EF6;
					};
				};
			};
			buildConfigurationList = F8D1C7F3279E6D5000385EF6 /* Build configuration list for PBXProject "SwiftUIBankingApp" */;
			compatibilityVersion = "Xcode 13.0";
			developmentRegion = en;
			hasScannedForEncodings = 0;
			knownRegions = (
				en,
				Base,
			);
			mainGroup = F8D1C7EF279E6D5000385EF6;
			productRefGroup = F8D1C7F9279E6D5100385EF6 /* Products */;
			projectDirPath = "";
			projectRoot = "";
			targets = (
				F8D1C7F7279E6D5000385EF6 /* SwiftUIBankingApp */,
				F8D1C807279E6D5200385EF6 /* SwiftUIBankingAppTests */,
				F8D1C811279E6D5200385EF6 /* SwiftUIBankingAppUITests */,
			);
		};
/* End PBXProject section */

/* Begin PBXResourcesBuildPhase section */
		F8D1C7F6279E6D5000385EF6 /* Resources */ = {
			isa = PBXResourcesBuildPhase;
			buildActionMask = 2147483647;
			files = (
				F8F552A027BCCC8800FBC0E4 /* Colors.xcassets in Resources */,
				F8F552BA27BD30F900FBC0E4 /* Barlow-Medium.ttf in Resources */,
				F8D1C803279E6D5200385EF6 /* Preview Assets.xcassets in Resources */,
				F8F552AD27BD2A0800FBC0E4 /* BarlowSemiCondensed-Bold.ttf in Resources */,
				F8D1C800279E6D5200385EF6 /* Assets.xcassets in Resources */,
			);
			runOnlyForDeploymentPostprocessing = 0;
		};
		F8D1C806279E6D5200385EF6 /* Resources */ = {
			isa = PBXResourcesBuildPhase;
			buildActionMask = 2147483647;
			files = (
				F8F552AE27BD2A0800FBC0E4 /* BarlowSemiCondensed-Bold.ttf in Resources */,
			);
			runOnlyForDeploymentPostprocessing = 0;
		};
		F8D1C810279E6D5200385EF6 /* Resources */ = {
			isa = PBXResourcesBuildPhase;
			buildActionMask = 2147483647;
			files = (
				F8F552AF27BD2A0800FBC0E4 /* BarlowSemiCondensed-Bold.ttf in Resources */,
			);
			runOnlyForDeploymentPostprocessing = 0;
		};
/* End PBXResourcesBuildPhase section */

/* Begin PBXSourcesBuildPhase section */
		F8D1C7F4279E6D5000385EF6 /* Sources */ = {
			isa = PBXSourcesBuildPhase;
			buildActionMask = 2147483647;
			files = (
				F8F552A227BD238500FBC0E4 /* ButtonStyles.swift in Sources */,
				F8F552A827BD267700FBC0E4 /* SizeConstants.swift in Sources */,
				F84D41C227BE409900A31E8B /* AccountIcon.swift in Sources */,
				F84D41B327BE2DF100A31E8B /* AccountSummaryListItem.swift in Sources */,
				F84D41B827BE396100A31E8B /* AccountType.swift in Sources */,
				F8D1C7FE279E6D5100385EF6 /* ContentView.swift in Sources */,
				F84D41BB27BE3A0B00A31E8B /* AccountSummaryViewModel.swift in Sources */,
				F8D1C7FC279E6D5100385EF6 /* SwiftUIBankingApp.swift in Sources */,
				F8F552AA27BD27C800FBC0E4 /* ButtonDemos.swift in Sources */,
				F84D41B627BE391300A31E8B /* AccountSummary.swift in Sources */,
				F84D41B027BE280400A31E8B /* AccountListItemDemo.swift in Sources */,
				F8F552BC27BE217100FBC0E4 /* IconConstants.swift in Sources */,
				F8F552A527BD23C500FBC0E4 /* ColorExtensions.swift in Sources */,
				F84D41BE27BE3C9B00A31E8B /* NumberExtensions.swift in Sources */,
				F8F552B627BD2CEA00FBC0E4 /* FontExtensions.swift in Sources */,
				F8F552B227BD2C7500FBC0E4 /* AssetConstants.swift in Sources */,
			);
			runOnlyForDeploymentPostprocessing = 0;
		};
		F8D1C804279E6D5200385EF6 /* Sources */ = {
			isa = PBXSourcesBuildPhase;
			buildActionMask = 2147483647;
			files = (
				F8F552B327BD2C7500FBC0E4 /* AssetConstants.swift in Sources */,
				F8D1C80D279E6D5200385EF6 /* SwiftUIBankingAppTests.swift in Sources */,
				F8F552B727BD2CEA00FBC0E4 /* FontExtensions.swift in Sources */,
			);
			runOnlyForDeploymentPostprocessing = 0;
		};
		F8D1C80E279E6D5200385EF6 /* Sources */ = {
			isa = PBXSourcesBuildPhase;
			buildActionMask = 2147483647;
			files = (
				F8D1C817279E6D5200385EF6 /* SwiftUIBankingAppUITests.swift in Sources */,
				F8F552B427BD2C7500FBC0E4 /* AssetConstants.swift in Sources */,
				F8F552B827BD2CEA00FBC0E4 /* FontExtensions.swift in Sources */,
				F8D1C819279E6D5200385EF6 /* SwiftUIBankingAppUITestsLaunchTests.swift in Sources */,
			);
			runOnlyForDeploymentPostprocessing = 0;
		};
/* End PBXSourcesBuildPhase section */

/* Begin PBXTargetDependency section */
		F8D1C80A279E6D5200385EF6 /* PBXTargetDependency */ = {
			isa = PBXTargetDependency;
			target = F8D1C7F7279E6D5000385EF6 /* SwiftUIBankingApp */;
			targetProxy = F8D1C809279E6D5200385EF6 /* PBXContainerItemProxy */;
		};
		F8D1C814279E6D5200385EF6 /* PBXTargetDependency */ = {
			isa = PBXTargetDependency;
			target = F8D1C7F7279E6D5000385EF6 /* SwiftUIBankingApp */;
			targetProxy = F8D1C813279E6D5200385EF6 /* PBXContainerItemProxy */;
		};
/* End PBXTargetDependency section */

/* Begin XCBuildConfiguration section */
		F8D1C81A279E6D5200385EF6 /* Debug */ = {
			isa = XCBuildConfiguration;
			buildSettings = {
				ALWAYS_SEARCH_USER_PATHS = NO;
				CLANG_ANALYZER_NONNULL = YES;
				CLANG_ANALYZER_NUMBER_OBJECT_CONVERSION = YES_AGGRESSIVE;
				CLANG_CXX_LANGUAGE_STANDARD = "gnu++17";
				CLANG_CXX_LIBRARY = "libc++";
				CLANG_ENABLE_MODULES = YES;
				CLANG_ENABLE_OBJC_ARC = YES;
				CLANG_ENABLE_OBJC_WEAK = YES;
				CLANG_WARN_BLOCK_CAPTURE_AUTORELEASING = YES;
				CLANG_WARN_BOOL_CONVERSION = YES;
				CLANG_WARN_COMMA = YES;
				CLANG_WARN_CONSTANT_CONVERSION = YES;
				CLANG_WARN_DEPRECATED_OBJC_IMPLEMENTATIONS = YES;
				CLANG_WARN_DIRECT_OBJC_ISA_USAGE = YES_ERROR;
				CLANG_WARN_DOCUMENTATION_COMMENTS = YES;
				CLANG_WARN_EMPTY_BODY = YES;
				CLANG_WARN_ENUM_CONVERSION = YES;
				CLANG_WARN_INFINITE_RECURSION = YES;
				CLANG_WARN_INT_CONVERSION = YES;
				CLANG_WARN_NON_LITERAL_NULL_CONVERSION = YES;
				CLANG_WARN_OBJC_IMPLICIT_RETAIN_SELF = YES;
				CLANG_WARN_OBJC_LITERAL_CONVERSION = YES;
				CLANG_WARN_OBJC_ROOT_CLASS = YES_ERROR;
				CLANG_WARN_QUOTED_INCLUDE_IN_FRAMEWORK_HEADER = YES;
				CLANG_WARN_RANGE_LOOP_ANALYSIS = YES;
				CLANG_WARN_STRICT_PROTOTYPES = YES;
				CLANG_WARN_SUSPICIOUS_MOVE = YES;
				CLANG_WARN_UNGUARDED_AVAILABILITY = YES_AGGRESSIVE;
				CLANG_WARN_UNREACHABLE_CODE = YES;
				CLANG_WARN__DUPLICATE_METHOD_MATCH = YES;
				COPY_PHASE_STRIP = NO;
				DEBUG_INFORMATION_FORMAT = dwarf;
				ENABLE_STRICT_OBJC_MSGSEND = YES;
				ENABLE_TESTABILITY = YES;
				GCC_C_LANGUAGE_STANDARD = gnu11;
				GCC_DYNAMIC_NO_PIC = NO;
				GCC_NO_COMMON_BLOCKS = YES;
				GCC_OPTIMIZATION_LEVEL = 0;
				GCC_PREPROCESSOR_DEFINITIONS = (
					"DEBUG=1",
					"$(inherited)",
				);
				GCC_WARN_64_TO_32_BIT_CONVERSION = YES;
				GCC_WARN_ABOUT_RETURN_TYPE = YES_ERROR;
				GCC_WARN_UNDECLARED_SELECTOR = YES;
				GCC_WARN_UNINITIALIZED_AUTOS = YES_AGGRESSIVE;
				GCC_WARN_UNUSED_FUNCTION = YES;
				GCC_WARN_UNUSED_VARIABLE = YES;
				IPHONEOS_DEPLOYMENT_TARGET = 15.0;
				MTL_ENABLE_DEBUG_INFO = INCLUDE_SOURCE;
				MTL_FAST_MATH = YES;
				ONLY_ACTIVE_ARCH = YES;
				SDKROOT = iphoneos;
				SWIFT_ACTIVE_COMPILATION_CONDITIONS = DEBUG;
				SWIFT_OPTIMIZATION_LEVEL = "-Onone";
			};
			name = Debug;
		};
		F8D1C81B279E6D5200385EF6 /* Release */ = {
			isa = XCBuildConfiguration;
			buildSettings = {
				ALWAYS_SEARCH_USER_PATHS = NO;
				CLANG_ANALYZER_NONNULL = YES;
				CLANG_ANALYZER_NUMBER_OBJECT_CONVERSION = YES_AGGRESSIVE;
				CLANG_CXX_LANGUAGE_STANDARD = "gnu++17";
				CLANG_CXX_LIBRARY = "libc++";
				CLANG_ENABLE_MODULES = YES;
				CLANG_ENABLE_OBJC_ARC = YES;
				CLANG_ENABLE_OBJC_WEAK = YES;
				CLANG_WARN_BLOCK_CAPTURE_AUTORELEASING = YES;
				CLANG_WARN_BOOL_CONVERSION = YES;
				CLANG_WARN_COMMA = YES;
				CLANG_WARN_CONSTANT_CONVERSION = YES;
				CLANG_WARN_DEPRECATED_OBJC_IMPLEMENTATIONS = YES;
				CLANG_WARN_DIRECT_OBJC_ISA_USAGE = YES_ERROR;
				CLANG_WARN_DOCUMENTATION_COMMENTS = YES;
				CLANG_WARN_EMPTY_BODY = YES;
				CLANG_WARN_ENUM_CONVERSION = YES;
				CLANG_WARN_INFINITE_RECURSION = YES;
				CLANG_WARN_INT_CONVERSION = YES;
				CLANG_WARN_NON_LITERAL_NULL_CONVERSION = YES;
				CLANG_WARN_OBJC_IMPLICIT_RETAIN_SELF = YES;
				CLANG_WARN_OBJC_LITERAL_CONVERSION = YES;
				CLANG_WARN_OBJC_ROOT_CLASS = YES_ERROR;
				CLANG_WARN_QUOTED_INCLUDE_IN_FRAMEWORK_HEADER = YES;
				CLANG_WARN_RANGE_LOOP_ANALYSIS = YES;
				CLANG_WARN_STRICT_PROTOTYPES = YES;
				CLANG_WARN_SUSPICIOUS_MOVE = YES;
				CLANG_WARN_UNGUARDED_AVAILABILITY = YES_AGGRESSIVE;
				CLANG_WARN_UNREACHABLE_CODE = YES;
				CLANG_WARN__DUPLICATE_METHOD_MATCH = YES;
				COPY_PHASE_STRIP = NO;
				DEBUG_INFORMATION_FORMAT = "dwarf-with-dsym";
				ENABLE_NS_ASSERTIONS = NO;
				ENABLE_STRICT_OBJC_MSGSEND = YES;
				GCC_C_LANGUAGE_STANDARD = gnu11;
				GCC_NO_COMMON_BLOCKS = YES;
				GCC_WARN_64_TO_32_BIT_CONVERSION = YES;
				GCC_WARN_ABOUT_RETURN_TYPE = YES_ERROR;
				GCC_WARN_UNDECLARED_SELECTOR = YES;
				GCC_WARN_UNINITIALIZED_AUTOS = YES_AGGRESSIVE;
				GCC_WARN_UNUSED_FUNCTION = YES;
				GCC_WARN_UNUSED_VARIABLE = YES;
				IPHONEOS_DEPLOYMENT_TARGET = 15.0;
				MTL_ENABLE_DEBUG_INFO = NO;
				MTL_FAST_MATH = YES;
				SDKROOT = iphoneos;
				SWIFT_COMPILATION_MODE = wholemodule;
				SWIFT_OPTIMIZATION_LEVEL = "-O";
				VALIDATE_PRODUCT = YES;
			};
			name = Release;
		};
		F8D1C81D279E6D5200385EF6 /* Debug */ = {
			isa = XCBuildConfiguration;
			buildSettings = {
				ASSETCATALOG_COMPILER_APPICON_NAME = AppIcon;
				ASSETCATALOG_COMPILER_GLOBAL_ACCENT_COLOR_NAME = AccentColor;
				CODE_SIGN_STYLE = Automatic;
				CURRENT_PROJECT_VERSION = 1;
				DEVELOPMENT_ASSET_PATHS = "\"SwiftUIBankingApp/Preview Content\"";
				ENABLE_PREVIEWS = YES;
				GENERATE_INFOPLIST_FILE = YES;
				INFOPLIST_FILE = SwiftUIBankingApp/Info.plist;
				INFOPLIST_KEY_UIApplicationSceneManifest_Generation = YES;
				INFOPLIST_KEY_UIApplicationSupportsIndirectInputEvents = YES;
				INFOPLIST_KEY_UILaunchScreen_Generation = YES;
				INFOPLIST_KEY_UISupportedInterfaceOrientations_iPad = "UIInterfaceOrientationPortrait UIInterfaceOrientationPortraitUpsideDown UIInterfaceOrientationLandscapeLeft UIInterfaceOrientationLandscapeRight";
				INFOPLIST_KEY_UISupportedInterfaceOrientations_iPhone = "UIInterfaceOrientationPortrait UIInterfaceOrientationLandscapeLeft UIInterfaceOrientationLandscapeRight";
				LD_RUNPATH_SEARCH_PATHS = (
					"$(inherited)",
					"@executable_path/Frameworks",
				);
				MARKETING_VERSION = 1.0;
				PRODUCT_BUNDLE_IDENTIFIER = co.swiftandsassy.SwiftUIBankingApp;
				PRODUCT_NAME = "$(TARGET_NAME)";
				SWIFT_EMIT_LOC_STRINGS = YES;
				SWIFT_VERSION = 5.0;
				TARGETED_DEVICE_FAMILY = "1,2";
			};
			name = Debug;
		};
		F8D1C81E279E6D5200385EF6 /* Release */ = {
			isa = XCBuildConfiguration;
			buildSettings = {
				ASSETCATALOG_COMPILER_APPICON_NAME = AppIcon;
				ASSETCATALOG_COMPILER_GLOBAL_ACCENT_COLOR_NAME = AccentColor;
				CODE_SIGN_STYLE = Automatic;
				CURRENT_PROJECT_VERSION = 1;
				DEVELOPMENT_ASSET_PATHS = "\"SwiftUIBankingApp/Preview Content\"";
				ENABLE_PREVIEWS = YES;
				GENERATE_INFOPLIST_FILE = YES;
				INFOPLIST_FILE = SwiftUIBankingApp/Info.plist;
				INFOPLIST_KEY_UIApplicationSceneManifest_Generation = YES;
				INFOPLIST_KEY_UIApplicationSupportsIndirectInputEvents = YES;
				INFOPLIST_KEY_UILaunchScreen_Generation = YES;
				INFOPLIST_KEY_UISupportedInterfaceOrientations_iPad = "UIInterfaceOrientationPortrait UIInterfaceOrientationPortraitUpsideDown UIInterfaceOrientationLandscapeLeft UIInterfaceOrientationLandscapeRight";
				INFOPLIST_KEY_UISupportedInterfaceOrientations_iPhone = "UIInterfaceOrientationPortrait UIInterfaceOrientationLandscapeLeft UIInterfaceOrientationLandscapeRight";
				LD_RUNPATH_SEARCH_PATHS = (
					"$(inherited)",
					"@executable_path/Frameworks",
				);
				MARKETING_VERSION = 1.0;
				PRODUCT_BUNDLE_IDENTIFIER = co.swiftandsassy.SwiftUIBankingApp;
				PRODUCT_NAME = "$(TARGET_NAME)";
				SWIFT_EMIT_LOC_STRINGS = YES;
				SWIFT_VERSION = 5.0;
				TARGETED_DEVICE_FAMILY = "1,2";
			};
			name = Release;
		};
		F8D1C820279E6D5200385EF6 /* Debug */ = {
			isa = XCBuildConfiguration;
			buildSettings = {
				ALWAYS_EMBED_SWIFT_STANDARD_LIBRARIES = YES;
				BUNDLE_LOADER = "$(TEST_HOST)";
				CODE_SIGN_STYLE = Automatic;
				CURRENT_PROJECT_VERSION = 1;
				GENERATE_INFOPLIST_FILE = YES;
				IPHONEOS_DEPLOYMENT_TARGET = 15.0;
				LD_RUNPATH_SEARCH_PATHS = (
					"$(inherited)",
					"@executable_path/Frameworks",
					"@loader_path/Frameworks",
				);
				MARKETING_VERSION = 1.0;
				PRODUCT_BUNDLE_IDENTIFIER = co.swiftandsassy.SwiftUIBankingAppTests;
				PRODUCT_NAME = "$(TARGET_NAME)";
				SWIFT_EMIT_LOC_STRINGS = NO;
				SWIFT_VERSION = 5.0;
				TARGETED_DEVICE_FAMILY = "1,2";
				TEST_HOST = "$(BUILT_PRODUCTS_DIR)/SwiftUIBankingApp.app/SwiftUIBankingApp";
			};
			name = Debug;
		};
		F8D1C821279E6D5200385EF6 /* Release */ = {
			isa = XCBuildConfiguration;
			buildSettings = {
				ALWAYS_EMBED_SWIFT_STANDARD_LIBRARIES = YES;
				BUNDLE_LOADER = "$(TEST_HOST)";
				CODE_SIGN_STYLE = Automatic;
				CURRENT_PROJECT_VERSION = 1;
				GENERATE_INFOPLIST_FILE = YES;
				IPHONEOS_DEPLOYMENT_TARGET = 15.0;
				LD_RUNPATH_SEARCH_PATHS = (
					"$(inherited)",
					"@executable_path/Frameworks",
					"@loader_path/Frameworks",
				);
				MARKETING_VERSION = 1.0;
				PRODUCT_BUNDLE_IDENTIFIER = co.swiftandsassy.SwiftUIBankingAppTests;
				PRODUCT_NAME = "$(TARGET_NAME)";
				SWIFT_EMIT_LOC_STRINGS = NO;
				SWIFT_VERSION = 5.0;
				TARGETED_DEVICE_FAMILY = "1,2";
				TEST_HOST = "$(BUILT_PRODUCTS_DIR)/SwiftUIBankingApp.app/SwiftUIBankingApp";
			};
			name = Release;
		};
		F8D1C823279E6D5200385EF6 /* Debug */ = {
			isa = XCBuildConfiguration;
			buildSettings = {
				ALWAYS_EMBED_SWIFT_STANDARD_LIBRARIES = YES;
				CODE_SIGN_STYLE = Automatic;
				CURRENT_PROJECT_VERSION = 1;
				GENERATE_INFOPLIST_FILE = YES;
				LD_RUNPATH_SEARCH_PATHS = (
					"$(inherited)",
					"@executable_path/Frameworks",
					"@loader_path/Frameworks",
				);
				MARKETING_VERSION = 1.0;
				PRODUCT_BUNDLE_IDENTIFIER = co.swiftandsassy.SwiftUIBankingAppUITests;
				PRODUCT_NAME = "$(TARGET_NAME)";
				SWIFT_EMIT_LOC_STRINGS = NO;
				SWIFT_VERSION = 5.0;
				TARGETED_DEVICE_FAMILY = "1,2";
				TEST_TARGET_NAME = SwiftUIBankingApp;
			};
			name = Debug;
		};
		F8D1C824279E6D5200385EF6 /* Release */ = {
			isa = XCBuildConfiguration;
			buildSettings = {
				ALWAYS_EMBED_SWIFT_STANDARD_LIBRARIES = YES;
				CODE_SIGN_STYLE = Automatic;
				CURRENT_PROJECT_VERSION = 1;
				GENERATE_INFOPLIST_FILE = YES;
				LD_RUNPATH_SEARCH_PATHS = (
					"$(inherited)",
					"@executable_path/Frameworks",
					"@loader_path/Frameworks",
				);
				MARKETING_VERSION = 1.0;
				PRODUCT_BUNDLE_IDENTIFIER = co.swiftandsassy.SwiftUIBankingAppUITests;
				PRODUCT_NAME = "$(TARGET_NAME)";
				SWIFT_EMIT_LOC_STRINGS = NO;
				SWIFT_VERSION = 5.0;
				TARGETED_DEVICE_FAMILY = "1,2";
				TEST_TARGET_NAME = SwiftUIBankingApp;
			};
			name = Release;
		};
/* End XCBuildConfiguration section */

/* Begin XCConfigurationList section */
		F8D1C7F3279E6D5000385EF6 /* Build configuration list for PBXProject "SwiftUIBankingApp" */ = {
			isa = XCConfigurationList;
			buildConfigurations = (
				F8D1C81A279E6D5200385EF6 /* Debug */,
				F8D1C81B279E6D5200385EF6 /* Release */,
			);
			defaultConfigurationIsVisible = 0;
			defaultConfigurationName = Release;
		};
		F8D1C81C279E6D5200385EF6 /* Build configuration list for PBXNativeTarget "SwiftUIBankingApp" */ = {
			isa = XCConfigurationList;
			buildConfigurations = (
				F8D1C81D279E6D5200385EF6 /* Debug */,
				F8D1C81E279E6D5200385EF6 /* Release */,
			);
			defaultConfigurationIsVisible = 0;
			defaultConfigurationName = Release;
		};
		F8D1C81F279E6D5200385EF6 /* Build configuration list for PBXNativeTarget "SwiftUIBankingAppTests" */ = {
			isa = XCConfigurationList;
			buildConfigurations = (
				F8D1C820279E6D5200385EF6 /* Debug */,
				F8D1C821279E6D5200385EF6 /* Release */,
			);
			defaultConfigurationIsVisible = 0;
			defaultConfigurationName = Release;
		};
		F8D1C822279E6D5200385EF6 /* Build configuration list for PBXNativeTarget "SwiftUIBankingAppUITests" */ = {
			isa = XCConfigurationList;
			buildConfigurations = (
				F8D1C823279E6D5200385EF6 /* Debug */,
				F8D1C824279E6D5200385EF6 /* Release */,
			);
			defaultConfigurationIsVisible = 0;
			defaultConfigurationName = Release;
		};
/* End XCConfigurationList section */
	};
	rootObject = F8D1C7F0279E6D5000385EF6 /* Project object */;
}
